Microsoft Visual Studio Solution File, Format Version 12.00
# Visual Studio Version 17
VisualStudioVersion = 17.5.2.0
MinimumVisualStudioVersion = 10.0.40219.1
Project("{FAE04EC0-301F-11D3-BF4B-00C04F79EFBC}") = "F1RaceControl", "F1RaceControl\F1RaceControl.csproj", "{04FFF586-D764-D8E3-C269-71A082E62B76}"
EndProject
Global
	GlobalSection(SolutionConfigurationPlatforms) = preSolution
		Debug|Any CPU = Debug|Any CPU
		Release|Any CPU = Release|Any CPU
	EndGlobalSection
	GlobalSection(ProjectConfigurationPlatforms) = postSolution
		{04FFF586-D764-D8E3-C269-71A082E62B76}.Debug|Any CPU.ActiveCfg = Debug|Any CPU
		{04FFF586-D764-D8E3-C269-71A082E62B76}.Debug|Any CPU.Build.0 = Debug|Any CPU
		{04FFF586-D764-D8E3-C269-71A082E62B76}.Release|Any CPU.ActiveCfg = Release|Any CPU
		{04FFF586-D764-D8E3-C269-71A082E62B76}.Release|Any CPU.Build.0 = Release|Any CPU
	EndGlobalSection
	GlobalSection(SolutionProperties) = preSolution
		HideSolutionNode = FALSE
	EndGlobalSection
	GlobalSection(ExtensibilityGlobals) = postSolution
		SolutionGuid = {7D51B4C7-5B0F-4581-956B-E67B8593B9AD}
	EndGlobalSection
EndGlobal
